
Microsoft Visual Studio Solution File, Format Version 12.00
# Visual Studio Version 16
VisualStudioVersion = 16.0.30611.23
MinimumVisualStudioVersion = 10.0.40219.1
Project("{8BC9CEB8-8B4A-11D0-8D11-00A0C91BC942}") = "III.5 Bang 2.10", "III.5 Bang 2.10\III.5 Bang 2.10.vcxproj", "{289BB4D9-CE66-4627-8C40-E0FEAB2EDE25}"
EndProject
Project("{8BC9CEB8-8B4A-11D0-8D11-00A0C91BC942}") = "III.6 Bang 2.10a", "III.6 Bang 2.10a\III.6 Bang 2.10a.vcxproj", "{2F53D742-9A40-427C-92FF-6F55FF47B397}"
EndProject
Project("{8BC9CEB8-8B4A-11D0-8D11-00A0C91BC942}") = "III.6 Test all", "test\test.vcxproj", "{881CF631-874E-490E-B9DE-B74204D10355}"
EndProject
Project("{8BC9CEB8-8B4A-11D0-8D11-00A0C91BC942}") = "III.6 Bang 2.10b", "III.6 Bang 2.10b\III.6 Bang 2.10b.vcxproj", "{5FDF6AAC-8B73-4536-BC8A-F9D83E638249}"
EndProject
Project("{8BC9CEB8-8B4A-11D0-8D11-00A0C91BC942}") = "III.6 Bang 2.10c", "III.6 2.10c\III.6 2.10c.vcxproj", "{5DA947BD-A0F5-4E96-B7A7-52384AD5A0EE}"
EndProject
Project("{8BC9CEB8-8B4A-11D0-8D11-00A0C91BC942}") = "III.8 Bang 2.11B", "III.8 Bang 2.11B\III.8 Bang 2.11B.vcxproj", "{75366417-01D9-4A6C-914E-75D48CA17206}"
EndProject
Project("{8BC9CEB8-8B4A-11D0-8D11-00A0C91BC942}") = "III.8 Bang 2.13B", "III.8 Bang2.13B\III.8 Bang2.13B.vcxproj", "{355A14D0-F5F4-4C12-AB83-6FF1D3EF3E4E}"
EndProject
Project("{8BC9CEB8-8B4A-11D0-8D11-00A0C91BC942}") = "IV.1 Bang 2.14", "IV. Bang 2.14\IV. Bang 2.14.vcxproj", "{556A9630-83DB-41E0-8C2B-F49291898614}"
EndProject
Project("{8BC9CEB8-8B4A-11D0-8D11-00A0C91BC942}") = "IV.2 Bang 2.16", "IV.2 Bang 2.16\IV.2 Bang 2.16.vcxproj", "{F0D888B4-A815-4B5E-A815-EE3BBC360F15}"
EndProject
Global
	GlobalSection(SolutionConfigurationPlatforms) = preSolution
		Debug|x64 = Debug|x64
		Debug|x86 = Debug|x86
		Release|x64 = Release|x64
		Release|x86 = Release|x86
	EndGlobalSection
	GlobalSection(ProjectConfigurationPlatforms) = postSolution
		{289BB4D9-CE66-4627-8C40-E0FEAB2EDE25}.Debug|x64.ActiveCfg = Debug|x64
		{289BB4D9-CE66-4627-8C40-E0FEAB2EDE25}.Debug|x64.Build.0 = Debug|x64
		{289BB4D9-CE66-4627-8C40-E0FEAB2EDE25}.Debug|x86.ActiveCfg = Debug|Win32
		{289BB4D9-CE66-4627-8C40-E0FEAB2EDE25}.Debug|x86.Build.0 = Debug|Win32
		{289BB4D9-CE66-4627-8C40-E0FEAB2EDE25}.Release|x64.ActiveCfg = Release|x64
		{289BB4D9-CE66-4627-8C40-E0FEAB2EDE25}.Release|x64.Build.0 = Release|x64
		{289BB4D9-CE66-4627-8C40-E0FEAB2EDE25}.Release|x86.ActiveCfg = Release|Win32
		{289BB4D9-CE66-4627-8C40-E0FEAB2EDE25}.Release|x86.Build.0 = Release|Win32
		{2F53D742-9A40-427C-92FF-6F55FF47B397}.Debug|x64.ActiveCfg = Debug|x64
		{2F53D742-9A40-427C-92FF-6F55FF47B397}.Debug|x64.Build.0 = Debug|x64
		{2F53D742-9A40-427C-92FF-6F55FF47B397}.Debug|x86.ActiveCfg = Debug|Win32
		{2F53D742-9A40-427C-92FF-6F55FF47B397}.Debug|x86.Build.0 = Debug|Win32
		{2F53D742-9A40-427C-92FF-6F55FF47B397}.Release|x64.ActiveCfg = Release|x64
		{2F53D742-9A40-427C-92FF-6F55FF47B397}.Release|x64.Build.0 = Release|x64
		{2F53D742-9A40-427C-92FF-6F55FF47B397}.Release|x86.ActiveCfg = Release|Win32
		{2F53D742-9A40-427C-92FF-6F55FF47B397}.Release|x86.Build.0 = Release|Win32
		{881CF631-874E-490E-B9DE-B74204D10355}.Debug|x64.ActiveCfg = Debug|x64
		{881CF631-874E-490E-B9DE-B74204D10355}.Debug|x64.Build.0 = Debug|x64
		{881CF631-874E-490E-B9DE-B74204D10355}.Debug|x86.ActiveCfg = Debug|Win32
		{881CF631-874E-490E-B9DE-B74204D10355}.Debug|x86.Build.0 = Debug|Win32
		{881CF631-874E-490E-B9DE-B74204D10355}.Release|x64.ActiveCfg = Release|x64
		{881CF631-874E-490E-B9DE-B74204D10355}.Release|x64.Build.0 = Release|x64
		{881CF631-874E-490E-B9DE-B74204D10355}.Release|x86.ActiveCfg = Release|Win32
		{881CF631-874E-490E-B9DE-B74204D10355}.Release|x86.Build.0 = Release|Win32
		{5FDF6AAC-8B73-4536-BC8A-F9D83E638249}.Debug|x64.ActiveCfg = Debug|x64
		{5FDF6AAC-8B73-4536-BC8A-F9D83E638249}.Debug|x64.Build.0 = Debug|x64
		{5FDF6AAC-8B73-4536-BC8A-F9D83E638249}.Debug|x86.ActiveCfg = Debug|Win32
		{5FDF6AAC-8B73-4536-BC8A-F9D83E638249}.Debug|x86.Build.0 = Debug|Win32
		{5FDF6AAC-8B73-4536-BC8A-F9D83E638249}.Release|x64.ActiveCfg = Release|x64
		{5FDF6AAC-8B73-4536-BC8A-F9D83E638249}.Release|x64.Build.0 = Release|x64
		{5FDF6AAC-8B73-4536-BC8A-F9D83E638249}.Release|x86.ActiveCfg = Release|Win32
		{5FDF6AAC-8B73-4536-BC8A-F9D83E638249}.Release|x86.Build.0 = Release|Win32
		{5DA947BD-A0F5-4E96-B7A7-52384AD5A0EE}.Debug|x64.ActiveCfg = Debug|x64
		{5DA947BD-A0F5-4E96-B7A7-52384AD5A0EE}.Debug|x64.Build.0 = Debug|x64
		{5DA947BD-A0F5-4E96-B7A7-52384AD5A0EE}.Debug|x86.ActiveCfg = Debug|Win32
		{5DA947BD-A0F5-4E96-B7A7-52384AD5A0EE}.Debug|x86.Build.0 = Debug|Win32
		{5DA947BD-A0F5-4E96-B7A7-52384AD5A0EE}.Release|x64.ActiveCfg = Release|x64
		{5DA947BD-A0F5-4E96-B7A7-52384AD5A0EE}.Release|x64.Build.0 = Release|x64
		{5DA947BD-A0F5-4E96-B7A7-52384AD5A0EE}.Release|x86.ActiveCfg = Release|Win32
		{5DA947BD-A0F5-4E96-B7A7-52384AD5A0EE}.Release|x86.Build.0 = Release|Win32
		{75366417-01D9-4A6C-914E-75D48CA17206}.Debug|x64.ActiveCfg = Debug|x64
		{75366417-01D9-4A6C-914E-75D48CA17206}.Debug|x64.Build.0 = Debug|x64
		{75366417-01D9-4A6C-914E-75D48CA17206}.Debug|x86.ActiveCfg = Debug|Win32
		{75366417-01D9-4A6C-914E-75D48CA17206}.Debug|x86.Build.0 = Debug|Win32
		{75366417-01D9-4A6C-914E-75D48CA17206}.Release|x64.ActiveCfg = Release|x64
		{75366417-01D9-4A6C-914E-75D48CA17206}.Release|x64.Build.0 = Release|x64
		{75366417-01D9-4A6C-914E-75D48CA17206}.Release|x86.ActiveCfg = Release|Win32
		{75366417-01D9-4A6C-914E-75D48CA17206}.Release|x86.Build.0 = Release|Win32
		{355A14D0-F5F4-4C12-AB83-6FF1D3EF3E4E}.Debug|x64.ActiveCfg = Debug|x64
		{355A14D0-F5F4-4C12-AB83-6FF1D3EF3E4E}.Debug|x64.Build.0 = Debug|x64
		{355A14D0-F5F4-4C12-AB83-6FF1D3EF3E4E}.Debug|x86.ActiveCfg = Debug|Win32
		{355A14D0-F5F4-4C12-AB83-6FF1D3EF3E4E}.Debug|x86.Build.0 = Debug|Win32
		{355A14D0-F5F4-4C12-AB83-6FF1D3EF3E4E}.Release|x64.ActiveCfg = Release|x64
		{355A14D0-F5F4-4C12-AB83-6FF1D3EF3E4E}.Release|x64.Build.0 = Release|x64
		{355A14D0-F5F4-4C12-AB83-6FF1D3EF3E4E}.Release|x86.ActiveCfg = Release|Win32
		{355A14D0-F5F4-4C12-AB83-6FF1D3EF3E4E}.Release|x86.Build.0 = Release|Win32
		{556A9630-83DB-41E0-8C2B-F49291898614}.Debug|x64.ActiveCfg = Debug|x64
		{556A9630-83DB-41E0-8C2B-F49291898614}.Debug|x64.Build.0 = Debug|x64
		{556A9630-83DB-41E0-8C2B-F49291898614}.Debug|x86.ActiveCfg = Debug|Win32
		{556A9630-83DB-41E0-8C2B-F49291898614}.Debug|x86.Build.0 = Debug|Win32
		{556A9630-83DB-41E0-8C2B-F49291898614}.Release|x64.ActiveCfg = Release|x64
		{556A9630-83DB-41E0-8C2B-F49291898614}.Release|x64.Build.0 = Release|x64
		{556A9630-83DB-41E0-8C2B-F49291898614}.Release|x86.ActiveCfg = Release|Win32
		{556A9630-83DB-41E0-8C2B-F49291898614}.Release|x86.Build.0 = Release|Win32
		{F0D888B4-A815-4B5E-A815-EE3BBC360F15}.Debug|x64.ActiveCfg = Debug|x64
		{F0D888B4-A815-4B5E-A815-EE3BBC360F15}.Debug|x64.Build.0 = Debug|x64
		{F0D888B4-A815-4B5E-A815-EE3BBC360F15}.Debug|x86.ActiveCfg = Debug|Win32
		{F0D888B4-A815-4B5E-A815-EE3BBC360F15}.Debug|x86.Build.0 = Debug|Win32
		{F0D888B4-A815-4B5E-A815-EE3BBC360F15}.Release|x64.ActiveCfg = Release|x64
		{F0D888B4-A815-4B5E-A815-EE3BBC360F15}.Release|x64.Build.0 = Release|x64
		{F0D888B4-A815-4B5E-A815-EE3BBC360F15}.Release|x86.ActiveCfg = Release|Win32
		{F0D888B4-A815-4B5E-A815-EE3BBC360F15}.Release|x86.Build.0 = Release|Win32
	EndGlobalSection
	GlobalSection(SolutionProperties) = preSolution
		HideSolutionNode = FALSE
	EndGlobalSection
	GlobalSection(ExtensibilityGlobals) = postSolution
		SolutionGuid = {A7CF83B1-D952-47FB-A34D-7A85B76C023F}
	EndGlobalSection
EndGlobal
