
Microsoft Visual Studio Solution File, Format Version 12.00
# Visual Studio Version 16
VisualStudioVersion = 16.0.30611.23
MinimumVisualStudioVersion = 10.0.40219.1
Project("{8BC9CEB8-8B4A-11D0-8D11-00A0C91BC942}") = "I.2 Bang 3.1B", "I.2 Bang 3.1B\I.2 Bang 3.1B.vcxproj", "{CA1EB7FB-8998-4509-97CE-B5033DFCA8A3}"
EndProject
Project("{8BC9CEB8-8B4A-11D0-8D11-00A0C91BC942}") = "I.3 Bang 3.2", "I.3 Bang 3.2\I.3 Bang 3.2.vcxproj", "{10065A28-410A-4833-ABD3-7CE3483E2843}"
EndProject
Project("{8BC9CEB8-8B4A-11D0-8D11-00A0C91BC942}") = "I.4 Bang 3.3", "I.4 Bang 3.3\I.4 Bang 3.3.vcxproj", "{E7DC2EAD-D22E-4D52-ACDD-7CF3BD890EE1}"
EndProject
Project("{8BC9CEB8-8B4A-11D0-8D11-00A0C91BC942}") = "II.1 Bang 3.5", "II.1 Bang 3.5\II.1 Bang 3.5.vcxproj", "{84DFB678-03B8-4018-AB82-B77400175D23}"
EndProject
Project("{8BC9CEB8-8B4A-11D0-8D11-00A0C91BC942}") = "II.2 Bang 3.9", "II.2 Bang 3.9\II.2 Bang 3.9.vcxproj", "{EBAE0C84-D7B0-4E09-AC05-F38B429AC433}"
EndProject
Project("{8BC9CEB8-8B4A-11D0-8D11-00A0C91BC942}") = "III.1 Bang 3.10", "III.1 Bang 3.10\III.1 Bang 3.10.vcxproj", "{2D170F2E-2CA2-45E4-934F-9E8B8D6A07B5}"
EndProject
Project("{8BC9CEB8-8B4A-11D0-8D11-00A0C91BC942}") = "III.1 Bang 3.12", "III.1 Bang 3.12\III.1 Bang 3.12.vcxproj", "{59338A86-442D-4D1D-8904-28A0C9509CB1}"
EndProject
Project("{8BC9CEB8-8B4A-11D0-8D11-00A0C91BC942}") = "III.2 Bang 3.13", "III.2 Bang 3.13\III.2 Bang 3.13.vcxproj", "{25C987D7-DA2F-4F3F-A3C0-3E9B88E65B86}"
EndProject
Project("{8BC9CEB8-8B4A-11D0-8D11-00A0C91BC942}") = "III.2 Bang 3.14", "III.2 Bang 3.14\III.2 Bang 3.14.vcxproj", "{89FC4A97-B33D-4FEB-B512-96CDAF944FED}"
EndProject
Project("{8BC9CEB8-8B4A-11D0-8D11-00A0C91BC942}") = "III.3 Bang 3.17", "III.3 Bang 3.17\III.3 Bang 3.17.vcxproj", "{61D7553E-B4FE-497A-9F50-425DB108DB5F}"
EndProject
Project("{8BC9CEB8-8B4A-11D0-8D11-00A0C91BC942}") = "III.4 Bang 3.19", "III.4 Bang 3.19\III.4 Bang 3.19.vcxproj", "{DBAE1D29-9386-4F74-9FD3-8169B66E0F3C}"
EndProject
Project("{8BC9CEB8-8B4A-11D0-8D11-00A0C91BC942}") = "III.6 Bang 3.20", "III.6 Bang 3.20\III.6 Bang 3.20.vcxproj", "{355DCFFA-4182-4D68-844C-C39B5EAFD685}"
EndProject
Global
	GlobalSection(SolutionConfigurationPlatforms) = preSolution
		Debug|x64 = Debug|x64
		Debug|x86 = Debug|x86
		Release|x64 = Release|x64
		Release|x86 = Release|x86
	EndGlobalSection
	GlobalSection(ProjectConfigurationPlatforms) = postSolution
		{CA1EB7FB-8998-4509-97CE-B5033DFCA8A3}.Debug|x64.ActiveCfg = Debug|x64
		{CA1EB7FB-8998-4509-97CE-B5033DFCA8A3}.Debug|x64.Build.0 = Debug|x64
		{CA1EB7FB-8998-4509-97CE-B5033DFCA8A3}.Debug|x86.ActiveCfg = Debug|Win32
		{CA1EB7FB-8998-4509-97CE-B5033DFCA8A3}.Debug|x86.Build.0 = Debug|Win32
		{CA1EB7FB-8998-4509-97CE-B5033DFCA8A3}.Release|x64.ActiveCfg = Release|x64
		{CA1EB7FB-8998-4509-97CE-B5033DFCA8A3}.Release|x64.Build.0 = Release|x64
		{CA1EB7FB-8998-4509-97CE-B5033DFCA8A3}.Release|x86.ActiveCfg = Release|Win32
		{CA1EB7FB-8998-4509-97CE-B5033DFCA8A3}.Release|x86.Build.0 = Release|Win32
		{10065A28-410A-4833-ABD3-7CE3483E2843}.Debug|x64.ActiveCfg = Debug|x64
		{10065A28-410A-4833-ABD3-7CE3483E2843}.Debug|x64.Build.0 = Debug|x64
		{10065A28-410A-4833-ABD3-7CE3483E2843}.Debug|x86.ActiveCfg = Debug|Win32
		{10065A28-410A-4833-ABD3-7CE3483E2843}.Debug|x86.Build.0 = Debug|Win32
		{10065A28-410A-4833-ABD3-7CE3483E2843}.Release|x64.ActiveCfg = Release|x64
		{10065A28-410A-4833-ABD3-7CE3483E2843}.Release|x64.Build.0 = Release|x64
		{10065A28-410A-4833-ABD3-7CE3483E2843}.Release|x86.ActiveCfg = Release|Win32
		{10065A28-410A-4833-ABD3-7CE3483E2843}.Release|x86.Build.0 = Release|Win32
		{E7DC2EAD-D22E-4D52-ACDD-7CF3BD890EE1}.Debug|x64.ActiveCfg = Debug|x64
		{E7DC2EAD-D22E-4D52-ACDD-7CF3BD890EE1}.Debug|x64.Build.0 = Debug|x64
		{E7DC2EAD-D22E-4D52-ACDD-7CF3BD890EE1}.Debug|x86.ActiveCfg = Debug|Win32
		{E7DC2EAD-D22E-4D52-ACDD-7CF3BD890EE1}.Debug|x86.Build.0 = Debug|Win32
		{E7DC2EAD-D22E-4D52-ACDD-7CF3BD890EE1}.Release|x64.ActiveCfg = Release|x64
		{E7DC2EAD-D22E-4D52-ACDD-7CF3BD890EE1}.Release|x64.Build.0 = Release|x64
		{E7DC2EAD-D22E-4D52-ACDD-7CF3BD890EE1}.Release|x86.ActiveCfg = Release|Win32
		{E7DC2EAD-D22E-4D52-ACDD-7CF3BD890EE1}.Release|x86.Build.0 = Release|Win32
		{84DFB678-03B8-4018-AB82-B77400175D23}.Debug|x64.ActiveCfg = Debug|x64
		{84DFB678-03B8-4018-AB82-B77400175D23}.Debug|x64.Build.0 = Debug|x64
		{84DFB678-03B8-4018-AB82-B77400175D23}.Debug|x86.ActiveCfg = Debug|Win32
		{84DFB678-03B8-4018-AB82-B77400175D23}.Debug|x86.Build.0 = Debug|Win32
		{84DFB678-03B8-4018-AB82-B77400175D23}.Release|x64.ActiveCfg = Release|x64
		{84DFB678-03B8-4018-AB82-B77400175D23}.Release|x64.Build.0 = Release|x64
		{84DFB678-03B8-4018-AB82-B77400175D23}.Release|x86.ActiveCfg = Release|Win32
		{84DFB678-03B8-4018-AB82-B77400175D23}.Release|x86.Build.0 = Release|Win32
		{EBAE0C84-D7B0-4E09-AC05-F38B429AC433}.Debug|x64.ActiveCfg = Debug|x64
		{EBAE0C84-D7B0-4E09-AC05-F38B429AC433}.Debug|x64.Build.0 = Debug|x64
		{EBAE0C84-D7B0-4E09-AC05-F38B429AC433}.Debug|x86.ActiveCfg = Debug|Win32
		{EBAE0C84-D7B0-4E09-AC05-F38B429AC433}.Debug|x86.Build.0 = Debug|Win32
		{EBAE0C84-D7B0-4E09-AC05-F38B429AC433}.Release|x64.ActiveCfg = Release|x64
		{EBAE0C84-D7B0-4E09-AC05-F38B429AC433}.Release|x64.Build.0 = Release|x64
		{EBAE0C84-D7B0-4E09-AC05-F38B429AC433}.Release|x86.ActiveCfg = Release|Win32
		{EBAE0C84-D7B0-4E09-AC05-F38B429AC433}.Release|x86.Build.0 = Release|Win32
		{2D170F2E-2CA2-45E4-934F-9E8B8D6A07B5}.Debug|x64.ActiveCfg = Debug|x64
		{2D170F2E-2CA2-45E4-934F-9E8B8D6A07B5}.Debug|x64.Build.0 = Debug|x64
		{2D170F2E-2CA2-45E4-934F-9E8B8D6A07B5}.Debug|x86.ActiveCfg = Debug|Win32
		{2D170F2E-2CA2-45E4-934F-9E8B8D6A07B5}.Debug|x86.Build.0 = Debug|Win32
		{2D170F2E-2CA2-45E4-934F-9E8B8D6A07B5}.Release|x64.ActiveCfg = Release|x64
		{2D170F2E-2CA2-45E4-934F-9E8B8D6A07B5}.Release|x64.Build.0 = Release|x64
		{2D170F2E-2CA2-45E4-934F-9E8B8D6A07B5}.Release|x86.ActiveCfg = Release|Win32
		{2D170F2E-2CA2-45E4-934F-9E8B8D6A07B5}.Release|x86.Build.0 = Release|Win32
		{59338A86-442D-4D1D-8904-28A0C9509CB1}.Debug|x64.ActiveCfg = Debug|x64
		{59338A86-442D-4D1D-8904-28A0C9509CB1}.Debug|x64.Build.0 = Debug|x64
		{59338A86-442D-4D1D-8904-28A0C9509CB1}.Debug|x86.ActiveCfg = Debug|Win32
		{59338A86-442D-4D1D-8904-28A0C9509CB1}.Debug|x86.Build.0 = Debug|Win32
		{59338A86-442D-4D1D-8904-28A0C9509CB1}.Release|x64.ActiveCfg = Release|x64
		{59338A86-442D-4D1D-8904-28A0C9509CB1}.Release|x64.Build.0 = Release|x64
		{59338A86-442D-4D1D-8904-28A0C9509CB1}.Release|x86.ActiveCfg = Release|Win32
		{59338A86-442D-4D1D-8904-28A0C9509CB1}.Release|x86.Build.0 = Release|Win32
		{25C987D7-DA2F-4F3F-A3C0-3E9B88E65B86}.Debug|x64.ActiveCfg = Debug|x64
		{25C987D7-DA2F-4F3F-A3C0-3E9B88E65B86}.Debug|x64.Build.0 = Debug|x64
		{25C987D7-DA2F-4F3F-A3C0-3E9B88E65B86}.Debug|x86.ActiveCfg = Debug|Win32
		{25C987D7-DA2F-4F3F-A3C0-3E9B88E65B86}.Debug|x86.Build.0 = Debug|Win32
		{25C987D7-DA2F-4F3F-A3C0-3E9B88E65B86}.Release|x64.ActiveCfg = Release|x64
		{25C987D7-DA2F-4F3F-A3C0-3E9B88E65B86}.Release|x64.Build.0 = Release|x64
		{25C987D7-DA2F-4F3F-A3C0-3E9B88E65B86}.Release|x86.ActiveCfg = Release|Win32
		{25C987D7-DA2F-4F3F-A3C0-3E9B88E65B86}.Release|x86.Build.0 = Release|Win32
		{89FC4A97-B33D-4FEB-B512-96CDAF944FED}.Debug|x64.ActiveCfg = Debug|x64
		{89FC4A97-B33D-4FEB-B512-96CDAF944FED}.Debug|x64.Build.0 = Debug|x64
		{89FC4A97-B33D-4FEB-B512-96CDAF944FED}.Debug|x86.ActiveCfg = Debug|Win32
		{89FC4A97-B33D-4FEB-B512-96CDAF944FED}.Debug|x86.Build.0 = Debug|Win32
		{89FC4A97-B33D-4FEB-B512-96CDAF944FED}.Release|x64.ActiveCfg = Release|x64
		{89FC4A97-B33D-4FEB-B512-96CDAF944FED}.Release|x64.Build.0 = Release|x64
		{89FC4A97-B33D-4FEB-B512-96CDAF944FED}.Release|x86.ActiveCfg = Release|Win32
		{89FC4A97-B33D-4FEB-B512-96CDAF944FED}.Release|x86.Build.0 = Release|Win32
		{61D7553E-B4FE-497A-9F50-425DB108DB5F}.Debug|x64.ActiveCfg = Debug|x64
		{61D7553E-B4FE-497A-9F50-425DB108DB5F}.Debug|x64.Build.0 = Debug|x64
		{61D7553E-B4FE-497A-9F50-425DB108DB5F}.Debug|x86.ActiveCfg = Debug|Win32
		{61D7553E-B4FE-497A-9F50-425DB108DB5F}.Debug|x86.Build.0 = Debug|Win32
		{61D7553E-B4FE-497A-9F50-425DB108DB5F}.Release|x64.ActiveCfg = Release|x64
		{61D7553E-B4FE-497A-9F50-425DB108DB5F}.Release|x64.Build.0 = Release|x64
		{61D7553E-B4FE-497A-9F50-425DB108DB5F}.Release|x86.ActiveCfg = Release|Win32
		{61D7553E-B4FE-497A-9F50-425DB108DB5F}.Release|x86.Build.0 = Release|Win32
		{DBAE1D29-9386-4F74-9FD3-8169B66E0F3C}.Debug|x64.ActiveCfg = Debug|x64
		{DBAE1D29-9386-4F74-9FD3-8169B66E0F3C}.Debug|x64.Build.0 = Debug|x64
		{DBAE1D29-9386-4F74-9FD3-8169B66E0F3C}.Debug|x86.ActiveCfg = Debug|Win32
		{DBAE1D29-9386-4F74-9FD3-8169B66E0F3C}.Debug|x86.Build.0 = Debug|Win32
		{DBAE1D29-9386-4F74-9FD3-8169B66E0F3C}.Release|x64.ActiveCfg = Release|x64
		{DBAE1D29-9386-4F74-9FD3-8169B66E0F3C}.Release|x64.Build.0 = Release|x64
		{DBAE1D29-9386-4F74-9FD3-8169B66E0F3C}.Release|x86.ActiveCfg = Release|Win32
		{DBAE1D29-9386-4F74-9FD3-8169B66E0F3C}.Release|x86.Build.0 = Release|Win32
		{355DCFFA-4182-4D68-844C-C39B5EAFD685}.Debug|x64.ActiveCfg = Debug|x64
		{355DCFFA-4182-4D68-844C-C39B5EAFD685}.Debug|x64.Build.0 = Debug|x64
		{355DCFFA-4182-4D68-844C-C39B5EAFD685}.Debug|x86.ActiveCfg = Debug|Win32
		{355DCFFA-4182-4D68-844C-C39B5EAFD685}.Debug|x86.Build.0 = Debug|Win32
		{355DCFFA-4182-4D68-844C-C39B5EAFD685}.Release|x64.ActiveCfg = Release|x64
		{355DCFFA-4182-4D68-844C-C39B5EAFD685}.Release|x64.Build.0 = Release|x64
		{355DCFFA-4182-4D68-844C-C39B5EAFD685}.Release|x86.ActiveCfg = Release|Win32
		{355DCFFA-4182-4D68-844C-C39B5EAFD685}.Release|x86.Build.0 = Release|Win32
	EndGlobalSection
	GlobalSection(SolutionProperties) = preSolution
		HideSolutionNode = FALSE
	EndGlobalSection
	GlobalSection(ExtensibilityGlobals) = postSolution
		SolutionGuid = {6295F096-603C-4879-BB67-94BFA335F85B}
	EndGlobalSection
EndGlobal
